
Microsoft Visual Studio Solution File, Format Version 12.00
# Visual Studio Version 17
VisualStudioVersion = 17.10.34916.146
MinimumVisualStudioVersion = 10.0.40219.1
Project("{FAE04EC0-301F-11D3-BF4B-00C04F79EFBC}") = "calculadora de area", "calculadora de area\calculadora de area.csproj", "{35DD69BA-FDD4-45B7-A81F-B787FB4003DF}"
EndProject
Global
	GlobalSection(SolutionConfigurationPlatforms) = preSolution
		Debug|Any CPU = Debug|Any CPU
		Release|Any CPU = Release|Any CPU
	EndGlobalSection
	GlobalSection(ProjectConfigurationPlatforms) = postSolution
		{35DD69BA-FDD4-45B7-A81F-B787FB4003DF}.Debug|Any CPU.ActiveCfg = Debug|Any CPU
		{35DD69BA-FDD4-45B7-A81F-B787FB4003DF}.Debug|Any CPU.Build.0 = Debug|Any CPU
		{35DD69BA-FDD4-45B7-A81F-B787FB4003DF}.Release|Any CPU.ActiveCfg = Release|Any CPU
		{35DD69BA-FDD4-45B7-A81F-B787FB4003DF}.Release|Any CPU.Build.0 = Release|Any CPU
	EndGlobalSection
	GlobalSection(SolutionProperties) = preSolution
		HideSolutionNode = FALSE
	EndGlobalSection
	GlobalSection(ExtensibilityGlobals) = postSolution
		SolutionGuid = {416F28F2-B97C-4F2D-AB70-7F38F350A9C5}
	EndGlobalSection
EndGlobal
